
Microsoft Visual Studio Solution File, Format Version 12.00
# Visual Studio 2013
Project("{FAE04EC0-301F-11D3-BF4B-00C04F79EFBC}") = "Skeleton_Death_Trap_Jason_Pearson.CSharp", "Skeleton_Death_Trap_Jason_Pearson.CSharp.csproj", "{1F43A53B-A256-8053-C338-5E2285E716D8}"
EndProject
Global
	GlobalSection(SolutionConfigurationPlatforms) = preSolution
		Debug|Any CPU = Debug|Any CPU
		Release|Any CPU = Release|Any CPU
	EndGlobalSection
	GlobalSection(ProjectConfigurationPlatforms) = postSolution
		{1F43A53B-A256-8053-C338-5E2285E716D8}.Debug|Any CPU.ActiveCfg = Debug|Any CPU
		{1F43A53B-A256-8053-C338-5E2285E716D8}.Debug|Any CPU.Build.0 = Debug|Any CPU
		{1F43A53B-A256-8053-C338-5E2285E716D8}.Release|Any CPU.ActiveCfg = Release|Any CPU
		{1F43A53B-A256-8053-C338-5E2285E716D8}.Release|Any CPU.Build.0 = Release|Any CPU
	EndGlobalSection
	GlobalSection(SolutionProperties) = preSolution
		HideSolutionNode = FALSE
	EndGlobalSection
EndGlobal
